{
  "version": 4,
  "terraform_version": "1.0.9",
  "serial": 29,
  "lineage": "c6e2e629-db8b-ef82-3e5a-46ae959223c4",
  "outputs": {},
  "resources": [
    {
      "mode": "data",
      "type": "ibm_is_zones",
      "name": "region",
      "provider": "provider[\"registry.terraform.io/ibm-cloud/ibm\"]",
      "instances": [
        {
          "schema_version": 0,
          "attributes": {
            "id": "2022-06-16 21:27:47.55818 +0000 UTC",
            "region": "ca-tor",
            "status": null,
            "zones": [
              "ca-tor-1",
              "ca-tor-2",
              "ca-tor-3"
            ]
          },
          "sensitive_attributes": []
        }
      ]
    },
    {
      "mode": "data",
      "type": "ibm_resource_group",
      "name": "group",
      "provider": "provider[\"registry.terraform.io/ibm-cloud/ibm\"]",
      "instances": [
        {
          "schema_version": 0,
          "attributes": {
            "account_id": "6c27214690345bfb75bb1f2b28a20504",
            "created_at": "2021-11-09T14:07:08.563Z",
            "crn": "crn:v1:bluemix:public:resource-controller::a/6c27214690345bfb75bb1f2b28a20504::resource-group:6b6211f1af784e62874070340ee4b6be",
            "id": "6b6211f1af784e62874070340ee4b6be",
            "is_default": false,
            "name": "2022-cde-lab",
            "payment_methods_url": "/v2/resource_groups/6b6211f1af784e62874070340ee4b6be/payment_methods",
            "quota_id": "a3d7b8d01e261c24677937c29ab33f3c",
            "quota_url": "/v2/quota_definitions/a3d7b8d01e261c24677937c29ab33f3c",
            "resource_linkages": [],
            "state": "ACTIVE",
            "teams_url": "/v2/resource_groups/6b6211f1af784e62874070340ee4b6be/teams",
            "updated_at": "2021-11-09T14:07:08.563Z"
          },
          "sensitive_attributes": []
        }
      ]
    },
    {
      "mode": "managed",
      "type": "ibm_is_public_gateway",
      "name": "frontend",
      "provider": "provider[\"registry.terraform.io/ibm-cloud/ibm\"]",
      "instances": [
        {
          "schema_version": 0,
          "attributes": {
            "crn": "crn:v1:bluemix:public:is:ca-tor-1:a/6c27214690345bfb75bb1f2b28a20504::public-gateway:r038-198aa2b5-ba37-41f4-a9a0-a80606bb5391",
            "floating_ip": {
              "address": "163.66.82.39",
              "id": "r038-c786075b-4e58-4b53-8c3b-4a64b0f23e75"
            },
            "id": "r038-198aa2b5-ba37-41f4-a9a0-a80606bb5391",
            "name": "rt-test-frontend-pubgw",
            "resource_controller_url": "https://cloud.ibm.com/vpc-ext/network/publicGateways",
            "resource_crn": "crn:v1:bluemix:public:is:ca-tor-1:a/6c27214690345bfb75bb1f2b28a20504::public-gateway:r038-198aa2b5-ba37-41f4-a9a0-a80606bb5391",
            "resource_group": "6b6211f1af784e62874070340ee4b6be",
            "resource_group_name": "2022-cde-lab",
            "resource_name": "rt-test-frontend-pubgw",
            "resource_status": "available",
            "status": "available",
            "tags": [
              "owner:ryantiffany",
              "project:rt-test",
              "region:ca-tor",
              "zone:ca-tor-1"
            ],
            "timeouts": null,
            "vpc": "r038-64119f58-2b8c-428f-8086-1a123f58fccd",
            "zone": "ca-tor-1"
          },
          "sensitive_attributes": [],
          "private": "eyJlMmJmYjczMC1lY2FhLTExZTYtOGY4OC0zNDM2M2JjN2M0YzAiOnsiY3JlYXRlIjo2MDAwMDAwMDAwMDAsImRlbGV0ZSI6NjAwMDAwMDAwMDAwfX0=",
          "dependencies": [
            "ibm_is_vpc.vpc",
            "data.ibm_is_zones.region",
            "data.ibm_resource_group.group"
          ]
        }
      ]
    },
    {
      "mode": "managed",
      "type": "ibm_is_security_group",
      "name": "backend_security_group",
      "provider": "provider[\"registry.terraform.io/ibm-cloud/ibm\"]",
      "instances": [
        {
          "schema_version": 0,
          "attributes": {
            "crn": "crn:v1:bluemix:public:is:ca-tor:a/6c27214690345bfb75bb1f2b28a20504::security-group:r038-4dfeffbf-e248-4336-bd06-5b91051bf2c8",
            "id": "r038-4dfeffbf-e248-4336-bd06-5b91051bf2c8",
            "name": "rt-test-backend-sg",
            "resource_controller_url": "https://cloud.ibm.com/vpc-ext/network/securityGroups",
            "resource_crn": "crn:v1:bluemix:public:is:ca-tor:a/6c27214690345bfb75bb1f2b28a20504::security-group:r038-4dfeffbf-e248-4336-bd06-5b91051bf2c8",
            "resource_group": "6b6211f1af784e62874070340ee4b6be",
            "resource_group_name": "2022-cde-lab",
            "resource_name": "rt-test-backend-sg",
            "rules": [
              {
                "code": 0,
                "direction": "outbound",
                "ip_version": "ipv4",
                "port_max": 0,
                "port_min": 0,
                "protocol": "all",
                "remote": "0.0.0.0/0",
                "type": 0
              },
              {
                "code": 0,
                "direction": "inbound",
                "ip_version": "ipv4",
                "port_max": 0,
                "port_min": 0,
                "protocol": "icmp",
                "remote": "r038-7cae4d43-d7f9-4e9f-9d90-d935b3b86921",
                "type": 8
              },
              {
                "code": 0,
                "direction": "inbound",
                "ip_version": "ipv4",
                "port_max": 22,
                "port_min": 22,
                "protocol": "tcp",
                "remote": "r038-7cae4d43-d7f9-4e9f-9d90-d935b3b86921",
                "type": 0
              },
              {
                "code": 0,
                "direction": "inbound",
                "ip_version": "ipv4",
                "port_max": 0,
                "port_min": 0,
                "protocol": "all",
                "remote": "r038-4dfeffbf-e248-4336-bd06-5b91051bf2c8",
                "type": 0
              }
            ],
            "tags": [
              "owner:ryantiffany",
              "project:rt-test",
              "region:ca-tor"
            ],
            "vpc": "r038-64119f58-2b8c-428f-8086-1a123f58fccd"
          },
          "sensitive_attributes": [],
          "private": "bnVsbA==",
          "dependencies": [
            "data.ibm_is_zones.region",
            "data.ibm_resource_group.group",
            "ibm_is_vpc.vpc"
          ]
        }
      ]
    },
    {
      "mode": "managed",
      "type": "ibm_is_security_group",
      "name": "frontend_security_group",
      "provider": "provider[\"registry.terraform.io/ibm-cloud/ibm\"]",
      "instances": [
        {
          "schema_version": 0,
          "attributes": {
            "crn": "crn:v1:bluemix:public:is:ca-tor:a/6c27214690345bfb75bb1f2b28a20504::security-group:r038-7cae4d43-d7f9-4e9f-9d90-d935b3b86921",
            "id": "r038-7cae4d43-d7f9-4e9f-9d90-d935b3b86921",
            "name": "rt-test-frontend-sg",
            "resource_controller_url": "https://cloud.ibm.com/vpc-ext/network/securityGroups",
            "resource_crn": "crn:v1:bluemix:public:is:ca-tor:a/6c27214690345bfb75bb1f2b28a20504::security-group:r038-7cae4d43-d7f9-4e9f-9d90-d935b3b86921",
            "resource_group": "6b6211f1af784e62874070340ee4b6be",
            "resource_group_name": "2022-cde-lab",
            "resource_name": "rt-test-frontend-sg",
            "rules": [
              {
                "code": 0,
                "direction": "outbound",
                "ip_version": "ipv4",
                "port_max": 0,
                "port_min": 0,
                "protocol": "all",
                "remote": "0.0.0.0/0",
                "type": 0
              },
              {
                "code": 0,
                "direction": "inbound",
                "ip_version": "ipv4",
                "port_max": 0,
                "port_min": 0,
                "protocol": "icmp",
                "remote": "0.0.0.0/0",
                "type": 0
              },
              {
                "code": 0,
                "direction": "inbound",
                "ip_version": "ipv4",
                "port_max": 22,
                "port_min": 22,
                "protocol": "tcp",
                "remote": "0.0.0.0/0",
                "type": 0
              },
              {
                "code": 0,
                "direction": "inbound",
                "ip_version": "ipv4",
                "port_max": 0,
                "port_min": 0,
                "protocol": "all",
                "remote": "r038-7cae4d43-d7f9-4e9f-9d90-d935b3b86921",
                "type": 0
              },
              {
                "code": 0,
                "direction": "inbound",
                "ip_version": "ipv4",
                "port_max": 0,
                "port_min": 0,
                "protocol": "all",
                "remote": "r038-4dfeffbf-e248-4336-bd06-5b91051bf2c8",
                "type": 0
              }
            ],
            "tags": [
              "owner:ryantiffany",
              "project:rt-test",
              "region:ca-tor"
            ],
            "vpc": "r038-64119f58-2b8c-428f-8086-1a123f58fccd"
          },
          "sensitive_attributes": [],
          "private": "bnVsbA==",
          "dependencies": [
            "data.ibm_is_zones.region",
            "data.ibm_resource_group.group",
            "ibm_is_vpc.vpc"
          ]
        }
      ]
    },
    {
      "mode": "managed",
      "type": "ibm_is_security_group_rule",
      "name": "backend_all_out",
      "provider": "provider[\"registry.terraform.io/ibm-cloud/ibm\"]",
      "instances": [
        {
          "schema_version": 0,
          "attributes": {
            "direction": "outbound",
            "group": "r038-4dfeffbf-e248-4336-bd06-5b91051bf2c8",
            "icmp": [],
            "id": "r038-4dfeffbf-e248-4336-bd06-5b91051bf2c8.r038-c0015b65-4e6e-4e1f-bbe2-2a349585f98d",
            "ip_version": "ipv4",
            "protocol": "all",
            "related_crn": "crn:v1:bluemix:public:is:ca-tor:a/6c27214690345bfb75bb1f2b28a20504::security-group:r038-4dfeffbf-e248-4336-bd06-5b91051bf2c8",
            "remote": "0.0.0.0/0",
            "rule_id": "r038-c0015b65-4e6e-4e1f-bbe2-2a349585f98d",
            "tcp": [],
            "udp": []
          },
          "sensitive_attributes": [],
          "private": "bnVsbA==",
          "dependencies": [
            "data.ibm_is_zones.region",
            "data.ibm_resource_group.group",
            "ibm_is_security_group.backend_security_group",
            "ibm_is_vpc.vpc"
          ]
        }
      ]
    },
    {
      "mode": "managed",
      "type": "ibm_is_security_group_rule",
      "name": "backend_all_to_self",
      "provider": "provider[\"registry.terraform.io/ibm-cloud/ibm\"]",
      "instances": [
        {
          "schema_version": 0,
          "attributes": {
            "direction": "inbound",
            "group": "r038-4dfeffbf-e248-4336-bd06-5b91051bf2c8",
            "icmp": [],
            "id": "r038-4dfeffbf-e248-4336-bd06-5b91051bf2c8.r038-0ab0a15b-1f8d-44b8-a5f8-7d803ca42b4d",
            "ip_version": "ipv4",
            "protocol": "all",
            "related_crn": "crn:v1:bluemix:public:is:ca-tor:a/6c27214690345bfb75bb1f2b28a20504::security-group:r038-4dfeffbf-e248-4336-bd06-5b91051bf2c8",
            "remote": "r038-4dfeffbf-e248-4336-bd06-5b91051bf2c8",
            "rule_id": "r038-0ab0a15b-1f8d-44b8-a5f8-7d803ca42b4d",
            "tcp": [],
            "udp": []
          },
          "sensitive_attributes": [],
          "private": "bnVsbA==",
          "dependencies": [
            "data.ibm_is_zones.region",
            "data.ibm_resource_group.group",
            "ibm_is_security_group.backend_security_group",
            "ibm_is_vpc.vpc"
          ]
        }
      ]
    },
    {
      "mode": "managed",
      "type": "ibm_is_security_group_rule",
      "name": "backend_ping_inbound_from_frontend",
      "provider": "provider[\"registry.terraform.io/ibm-cloud/ibm\"]",
      "instances": [
        {
          "schema_version": 0,
          "attributes": {
            "direction": "inbound",
            "group": "r038-4dfeffbf-e248-4336-bd06-5b91051bf2c8",
            "icmp": [
              {
                "code": 0,
                "type": 8
              }
            ],
            "id": "r038-4dfeffbf-e248-4336-bd06-5b91051bf2c8.r038-47ea893a-6294-4514-b487-a203e820798b",
            "ip_version": "ipv4",
            "protocol": "icmp",
            "related_crn": "crn:v1:bluemix:public:is:ca-tor:a/6c27214690345bfb75bb1f2b28a20504::security-group:r038-4dfeffbf-e248-4336-bd06-5b91051bf2c8",
            "remote": "r038-7cae4d43-d7f9-4e9f-9d90-d935b3b86921",
            "rule_id": "r038-47ea893a-6294-4514-b487-a203e820798b",
            "tcp": [],
            "udp": []
          },
          "sensitive_attributes": [],
          "private": "bnVsbA==",
          "dependencies": [
            "data.ibm_is_zones.region",
            "data.ibm_resource_group.group",
            "ibm_is_security_group.backend_security_group",
            "ibm_is_security_group.frontend_security_group",
            "ibm_is_vpc.vpc"
          ]
        }
      ]
    },
    {
      "mode": "managed",
      "type": "ibm_is_security_group_rule",
      "name": "backend_ssh_from_frontend",
      "provider": "provider[\"registry.terraform.io/ibm-cloud/ibm\"]",
      "instances": [
        {
          "schema_version": 0,
          "attributes": {
            "direction": "inbound",
            "group": "r038-4dfeffbf-e248-4336-bd06-5b91051bf2c8",
            "icmp": [],
            "id": "r038-4dfeffbf-e248-4336-bd06-5b91051bf2c8.r038-62d3651c-5295-4036-b28c-af0f97c31c00",
            "ip_version": "ipv4",
            "protocol": "tcp",
            "related_crn": "crn:v1:bluemix:public:is:ca-tor:a/6c27214690345bfb75bb1f2b28a20504::security-group:r038-4dfeffbf-e248-4336-bd06-5b91051bf2c8",
            "remote": "r038-7cae4d43-d7f9-4e9f-9d90-d935b3b86921",
            "rule_id": "r038-62d3651c-5295-4036-b28c-af0f97c31c00",
            "tcp": [
              {
                "port_max": 22,
                "port_min": 22
              }
            ],
            "udp": []
          },
          "sensitive_attributes": [],
          "private": "bnVsbA==",
          "dependencies": [
            "data.ibm_is_zones.region",
            "data.ibm_resource_group.group",
            "ibm_is_security_group.backend_security_group",
            "ibm_is_security_group.frontend_security_group",
            "ibm_is_vpc.vpc"
          ]
        }
      ]
    },
    {
      "mode": "managed",
      "type": "ibm_is_security_group_rule",
      "name": "frontend_all_out",
      "provider": "provider[\"registry.terraform.io/ibm-cloud/ibm\"]",
      "instances": [
        {
          "schema_version": 0,
          "attributes": {
            "direction": "outbound",
            "group": "r038-7cae4d43-d7f9-4e9f-9d90-d935b3b86921",
            "icmp": [],
            "id": "r038-7cae4d43-d7f9-4e9f-9d90-d935b3b86921.r038-8f40d065-2691-4ed6-bd1e-0d27b93fa638",
            "ip_version": "ipv4",
            "protocol": "all",
            "related_crn": "crn:v1:bluemix:public:is:ca-tor:a/6c27214690345bfb75bb1f2b28a20504::security-group:r038-7cae4d43-d7f9-4e9f-9d90-d935b3b86921",
            "remote": "0.0.0.0/0",
            "rule_id": "r038-8f40d065-2691-4ed6-bd1e-0d27b93fa638",
            "tcp": [],
            "udp": []
          },
          "sensitive_attributes": [],
          "private": "bnVsbA==",
          "dependencies": [
            "data.ibm_is_zones.region",
            "data.ibm_resource_group.group",
            "ibm_is_security_group.frontend_security_group",
            "ibm_is_vpc.vpc"
          ]
        }
      ]
    },
    {
      "mode": "managed",
      "type": "ibm_is_security_group_rule",
      "name": "frontend_all_to_self",
      "provider": "provider[\"registry.terraform.io/ibm-cloud/ibm\"]",
      "instances": [
        {
          "schema_version": 0,
          "attributes": {
            "direction": "inbound",
            "group": "r038-7cae4d43-d7f9-4e9f-9d90-d935b3b86921",
            "icmp": [],
            "id": "r038-7cae4d43-d7f9-4e9f-9d90-d935b3b86921.r038-0a0baaa3-f72f-4586-9196-b3a7734ffc1a",
            "ip_version": "ipv4",
            "protocol": "all",
            "related_crn": "crn:v1:bluemix:public:is:ca-tor:a/6c27214690345bfb75bb1f2b28a20504::security-group:r038-7cae4d43-d7f9-4e9f-9d90-d935b3b86921",
            "remote": "r038-7cae4d43-d7f9-4e9f-9d90-d935b3b86921",
            "rule_id": "r038-0a0baaa3-f72f-4586-9196-b3a7734ffc1a",
            "tcp": [],
            "udp": []
          },
          "sensitive_attributes": [],
          "private": "bnVsbA==",
          "dependencies": [
            "data.ibm_is_zones.region",
            "data.ibm_resource_group.group",
            "ibm_is_security_group.frontend_security_group",
            "ibm_is_vpc.vpc"
          ]
        }
      ]
    },
    {
      "mode": "managed",
      "type": "ibm_is_security_group_rule",
      "name": "frontend_inbound_from_backend",
      "provider": "provider[\"registry.terraform.io/ibm-cloud/ibm\"]",
      "instances": [
        {
          "schema_version": 0,
          "attributes": {
            "direction": "inbound",
            "group": "r038-7cae4d43-d7f9-4e9f-9d90-d935b3b86921",
            "icmp": [],
            "id": "r038-7cae4d43-d7f9-4e9f-9d90-d935b3b86921.r038-3a4902d9-5571-4592-8505-0a08404aab07",
            "ip_version": "ipv4",
            "protocol": "all",
            "related_crn": "crn:v1:bluemix:public:is:ca-tor:a/6c27214690345bfb75bb1f2b28a20504::security-group:r038-7cae4d43-d7f9-4e9f-9d90-d935b3b86921",
            "remote": "r038-4dfeffbf-e248-4336-bd06-5b91051bf2c8",
            "rule_id": "r038-3a4902d9-5571-4592-8505-0a08404aab07",
            "tcp": [],
            "udp": []
          },
          "sensitive_attributes": [],
          "private": "bnVsbA==",
          "dependencies": [
            "ibm_is_security_group.backend_security_group",
            "ibm_is_security_group.frontend_security_group",
            "ibm_is_vpc.vpc",
            "data.ibm_is_zones.region",
            "data.ibm_resource_group.group"
          ]
        }
      ]
    },
    {
      "mode": "managed",
      "type": "ibm_is_security_group_rule",
      "name": "frontend_ping_inbound",
      "provider": "provider[\"registry.terraform.io/ibm-cloud/ibm\"]",
      "instances": [
        {
          "schema_version": 0,
          "attributes": {
            "direction": "inbound",
            "group": "r038-7cae4d43-d7f9-4e9f-9d90-d935b3b86921",
            "icmp": [
              {
                "code": null,
                "type": null
              }
            ],
            "id": "r038-7cae4d43-d7f9-4e9f-9d90-d935b3b86921.r038-f6578511-26e4-45c9-82dc-477728ea85b5",
            "ip_version": "ipv4",
            "protocol": "icmp",
            "related_crn": "crn:v1:bluemix:public:is:ca-tor:a/6c27214690345bfb75bb1f2b28a20504::security-group:r038-7cae4d43-d7f9-4e9f-9d90-d935b3b86921",
            "remote": "0.0.0.0/0",
            "rule_id": "r038-f6578511-26e4-45c9-82dc-477728ea85b5",
            "tcp": [],
            "udp": []
          },
          "sensitive_attributes": [],
          "private": "bnVsbA==",
          "dependencies": [
            "data.ibm_is_zones.region",
            "data.ibm_resource_group.group",
            "ibm_is_security_group.frontend_security_group",
            "ibm_is_vpc.vpc"
          ]
        }
      ]
    },
    {
      "mode": "managed",
      "type": "ibm_is_security_group_rule",
      "name": "frontend_ssh_inbound",
      "provider": "provider[\"registry.terraform.io/ibm-cloud/ibm\"]",
      "instances": [
        {
          "schema_version": 0,
          "attributes": {
            "direction": "inbound",
            "group": "r038-7cae4d43-d7f9-4e9f-9d90-d935b3b86921",
            "icmp": [],
            "id": "r038-7cae4d43-d7f9-4e9f-9d90-d935b3b86921.r038-14e33995-b7b6-40e8-abd8-ffcd993708f6",
            "ip_version": "ipv4",
            "protocol": "tcp",
            "related_crn": "crn:v1:bluemix:public:is:ca-tor:a/6c27214690345bfb75bb1f2b28a20504::security-group:r038-7cae4d43-d7f9-4e9f-9d90-d935b3b86921",
            "remote": "0.0.0.0/0",
            "rule_id": "r038-14e33995-b7b6-40e8-abd8-ffcd993708f6",
            "tcp": [
              {
                "port_max": 22,
                "port_min": 22
              }
            ],
            "udp": []
          },
          "sensitive_attributes": [],
          "private": "bnVsbA==",
          "dependencies": [
            "data.ibm_is_zones.region",
            "data.ibm_resource_group.group",
            "ibm_is_security_group.frontend_security_group",
            "ibm_is_vpc.vpc"
          ]
        }
      ]
    },
    {
      "mode": "managed",
      "type": "ibm_is_ssh_key",
      "name": "generated_key",
      "provider": "provider[\"registry.terraform.io/ibm-cloud/ibm\"]",
      "instances": [
        {
          "schema_version": 0,
          "attributes": {
            "crn": "crn:v1:bluemix:public:is:ca-tor:a/6c27214690345bfb75bb1f2b28a20504::key:r038-2cb55ef4-eab6-4f20-be7c-94e1b11c9425",
            "fingerprint": "SHA256:rCCW+Nv/ftQh7IHSKg7/G4L05a9SW+Tyzk4Q92G9prw",
            "id": "r038-2cb55ef4-eab6-4f20-be7c-94e1b11c9425",
            "length": 4096,
            "name": "rt-test-ca-tor-key",
            "public_key": "ssh-rsa AAAAB3NzaC1yc2EAAAADAQABAAACAQCacEQy2o74/CJpldpLydnbCr9FdtHQIRJBhewzqhT1mYqe2SeJnOl3O1U72DGFacO8xZaqV651mQi6VpNv5pza18VMe4FALXg8AB2OA88+Qwnvc0SggET4pJ7CNmSaXEJuPRzfeS4fimN1g7x/CtlB+Rst+xikqaXu23l0MaPnZMq3uVn2lj3/QTmY/NhXvxHo2WksmBtCNSBlxYYNriG2Dr3omRbn1n4a6c2FzSLyFauoQDVjG+NGetys1F2t8Pt9C5niETle2k1Yjg4KybkT03icFq5PvhSGFAMSxux5svRQqE5k6M1+fqZ+pzgRCokAWsMbHQ6c9tPgKAPSQl8GMohXD/MU/WAaIm0VY1AsWPm0AzCGy/XUD63LQ0xVcI7U/2MUyqCR30oYKC2ytLXr7KvrZpkSbqrhYW3M+0C0E0ISbKiXAHQGzKj638xnRtvy7eBhwj9Ax6PoFFEl5bRiisl037nC0thtRd6XYwrx1DpbppUOv178HA6ZscF9dwOkkjel3aLs7VSl0eF0vz8vnCXqqTlhItlA2qzrrARVIviuU0OFO7citkft4oiybKgtwFdUaVBPXS3WgAriN7Qs6vhIrd8diPr3QaEroc7660ozvRK6ztB9i7xzoIfq7ml9IyrtTiTswfT7sg0dlgG64jHY+VnkuwZEcpX9GT28tQ==",
            "resource_controller_url": "https://cloud.ibm.com/vpc-ext/compute/sshKeys",
            "resource_crn": "crn:v1:bluemix:public:is:ca-tor:a/6c27214690345bfb75bb1f2b28a20504::key:r038-2cb55ef4-eab6-4f20-be7c-94e1b11c9425",
            "resource_group": "6b6211f1af784e62874070340ee4b6be",
            "resource_group_name": "2022-cde-lab",
            "resource_name": "rt-test-ca-tor-key",
            "tags": [
              "owner:ryantiffany",
              "project:rt-test",
              "region:ca-tor",
              "zone:ca-tor-1"
            ],
            "type": "rsa"
          },
          "sensitive_attributes": [],
          "private": "bnVsbA==",
          "dependencies": [
            "data.ibm_is_zones.region",
            "data.ibm_resource_group.group",
            "tls_private_key.ssh"
          ]
        }
      ]
    },
    {
      "mode": "managed",
      "type": "ibm_is_subnet",
      "name": "backend_subnet",
      "provider": "provider[\"registry.terraform.io/ibm-cloud/ibm\"]",
      "instances": [
        {
          "schema_version": 0,
          "attributes": {
            "access_tags": [],
            "available_ipv4_address_count": 251,
            "crn": "crn:v1:bluemix:public:is:ca-tor-1:a/6c27214690345bfb75bb1f2b28a20504::subnet:02q7-d938f1d6-9da1-4631-bc46-c65c60c73186",
            "id": "02q7-d938f1d6-9da1-4631-bc46-c65c60c73186",
            "ip_version": "ipv4",
            "ipv4_cidr_block": "10.249.0.0/24",
            "name": "rt-test-backend-subnet",
            "network_acl": "r038-53d71489-7814-46e3-b653-89db114e4ae6",
            "public_gateway": "",
            "resource_controller_url": "https://cloud.ibm.com/vpc-ext/network/subnets",
            "resource_crn": "crn:v1:bluemix:public:is:ca-tor-1:a/6c27214690345bfb75bb1f2b28a20504::subnet:02q7-d938f1d6-9da1-4631-bc46-c65c60c73186",
            "resource_group": "6b6211f1af784e62874070340ee4b6be",
            "resource_group_name": "2022-cde-lab",
            "resource_name": "rt-test-backend-subnet",
            "resource_status": "available",
            "routing_table": "r038-d955c9fd-ea6d-47a9-8895-2202e00aeedb",
            "status": "available",
            "tags": [
              "owner:ryantiffany",
              "project:rt-test",
              "region:ca-tor",
              "zone:ca-tor-1"
            ],
            "timeouts": null,
            "total_ipv4_address_count": 256,
            "vpc": "r038-64119f58-2b8c-428f-8086-1a123f58fccd",
            "zone": "ca-tor-1"
          },
          "sensitive_attributes": [],
          "private": "eyJlMmJmYjczMC1lY2FhLTExZTYtOGY4OC0zNDM2M2JjN2M0YzAiOnsiY3JlYXRlIjo2MDAwMDAwMDAwMDAsImRlbGV0ZSI6NjAwMDAwMDAwMDAwLCJ1cGRhdGUiOjYwMDAwMDAwMDAwMH19",
          "dependencies": [
            "data.ibm_is_zones.region",
            "data.ibm_resource_group.group",
            "ibm_is_vpc.vpc"
          ]
        }
      ]
    },
    {
      "mode": "managed",
      "type": "ibm_is_subnet",
      "name": "frontend_subnet",
      "provider": "provider[\"registry.terraform.io/ibm-cloud/ibm\"]",
      "instances": [
        {
          "schema_version": 0,
          "attributes": {
            "access_tags": [],
            "available_ipv4_address_count": 123,
            "crn": "crn:v1:bluemix:public:is:ca-tor-1:a/6c27214690345bfb75bb1f2b28a20504::subnet:02q7-c13562c2-024d-4502-a9ef-d0d11f61ceed",
            "id": "02q7-c13562c2-024d-4502-a9ef-d0d11f61ceed",
            "ip_version": "ipv4",
            "ipv4_cidr_block": "10.249.1.0/25",
            "name": "rt-test-frontend-subnet",
            "network_acl": "r038-53d71489-7814-46e3-b653-89db114e4ae6",
            "public_gateway": "r038-198aa2b5-ba37-41f4-a9a0-a80606bb5391",
            "resource_controller_url": "https://cloud.ibm.com/vpc-ext/network/subnets",
            "resource_crn": "crn:v1:bluemix:public:is:ca-tor-1:a/6c27214690345bfb75bb1f2b28a20504::subnet:02q7-c13562c2-024d-4502-a9ef-d0d11f61ceed",
            "resource_group": "6b6211f1af784e62874070340ee4b6be",
            "resource_group_name": "2022-cde-lab",
            "resource_name": "rt-test-frontend-subnet",
            "resource_status": "available",
            "routing_table": "r038-d955c9fd-ea6d-47a9-8895-2202e00aeedb",
            "status": "available",
            "tags": [
              "owner:ryantiffany",
              "project:rt-test",
              "region:ca-tor",
              "zone:ca-tor-1"
            ],
            "timeouts": null,
            "total_ipv4_address_count": 128,
            "vpc": "r038-64119f58-2b8c-428f-8086-1a123f58fccd",
            "zone": "ca-tor-1"
          },
          "sensitive_attributes": [],
          "private": "eyJlMmJmYjczMC1lY2FhLTExZTYtOGY4OC0zNDM2M2JjN2M0YzAiOnsiY3JlYXRlIjo2MDAwMDAwMDAwMDAsImRlbGV0ZSI6NjAwMDAwMDAwMDAwLCJ1cGRhdGUiOjYwMDAwMDAwMDAwMH19",
          "dependencies": [
            "ibm_is_vpc.vpc",
            "data.ibm_is_zones.region",
            "data.ibm_resource_group.group",
            "ibm_is_public_gateway.frontend"
          ]
        }
      ]
    },
    {
      "mode": "managed",
      "type": "ibm_is_vpc",
      "name": "vpc",
      "provider": "provider[\"registry.terraform.io/ibm-cloud/ibm\"]",
      "instances": [
        {
          "schema_version": 0,
          "attributes": {
            "address_prefix_management": "auto",
            "classic_access": false,
            "crn": "crn:v1:bluemix:public:is:ca-tor:a/6c27214690345bfb75bb1f2b28a20504::vpc:r038-64119f58-2b8c-428f-8086-1a123f58fccd",
            "cse_source_addresses": [
              {
                "address": "10.223.150.226",
                "zone_name": "ca-tor-1"
              },
              {
                "address": "10.223.162.217",
                "zone_name": "ca-tor-2"
              },
              {
                "address": "10.223.180.163",
                "zone_name": "ca-tor-3"
              }
            ],
            "default_network_acl": "r038-53d71489-7814-46e3-b653-89db114e4ae6",
            "default_network_acl_crn": "crn:v1:bluemix:public:is:ca-tor:a/6c27214690345bfb75bb1f2b28a20504::network-acl:r038-53d71489-7814-46e3-b653-89db114e4ae6",
            "default_network_acl_name": "paycheck-beluga-renewed-only",
            "default_routing_table": "r038-d955c9fd-ea6d-47a9-8895-2202e00aeedb",
            "default_routing_table_name": "skincare-snaking-pouncing-floating",
            "default_security_group": "r038-fb7f6444-10c4-49e1-a39b-dcf06cbb14b4",
            "default_security_group_crn": "crn:v1:bluemix:public:is:ca-tor:a/6c27214690345bfb75bb1f2b28a20504::security-group:r038-fb7f6444-10c4-49e1-a39b-dcf06cbb14b4",
            "default_security_group_name": "blooper-retreat-footgear-oxidizing",
            "id": "r038-64119f58-2b8c-428f-8086-1a123f58fccd",
            "name": "rt-test-vpc",
            "resource_controller_url": "https://cloud.ibm.com/vpc-ext/network/vpcs",
            "resource_crn": "crn:v1:bluemix:public:is:ca-tor:a/6c27214690345bfb75bb1f2b28a20504::vpc:r038-64119f58-2b8c-428f-8086-1a123f58fccd",
            "resource_group": "6b6211f1af784e62874070340ee4b6be",
            "resource_group_name": "2022-cde-lab",
            "resource_name": "rt-test-vpc",
            "resource_status": "available",
            "security_group": [
              {
                "group_id": "r038-4dfeffbf-e248-4336-bd06-5b91051bf2c8",
                "group_name": "rt-test-backend-sg",
                "rules": [
                  {
                    "code": 0,
                    "direction": "outbound",
                    "ip_version": "ipv4",
                    "port_max": 0,
                    "port_min": 0,
                    "protocol": "all",
                    "remote": "0.0.0.0/0",
                    "rule_id": "r038-c0015b65-4e6e-4e1f-bbe2-2a349585f98d",
                    "type": 0
                  },
                  {
                    "code": 0,
                    "direction": "inbound",
                    "ip_version": "ipv4",
                    "port_max": 0,
                    "port_min": 0,
                    "protocol": "icmp",
                    "remote": "r038-7cae4d43-d7f9-4e9f-9d90-d935b3b86921",
                    "rule_id": "r038-47ea893a-6294-4514-b487-a203e820798b",
                    "type": 8
                  },
                  {
                    "code": 0,
                    "direction": "inbound",
                    "ip_version": "ipv4",
                    "port_max": 22,
                    "port_min": 22,
                    "protocol": "tcp",
                    "remote": "r038-7cae4d43-d7f9-4e9f-9d90-d935b3b86921",
                    "rule_id": "r038-62d3651c-5295-4036-b28c-af0f97c31c00",
                    "type": 0
                  },
                  {
                    "code": 0,
                    "direction": "inbound",
                    "ip_version": "ipv4",
                    "port_max": 0,
                    "port_min": 0,
                    "protocol": "all",
                    "remote": "r038-4dfeffbf-e248-4336-bd06-5b91051bf2c8",
                    "rule_id": "r038-0ab0a15b-1f8d-44b8-a5f8-7d803ca42b4d",
                    "type": 0
                  }
                ]
              },
              {
                "group_id": "r038-7cae4d43-d7f9-4e9f-9d90-d935b3b86921",
                "group_name": "rt-test-frontend-sg",
                "rules": [
                  {
                    "code": 0,
                    "direction": "outbound",
                    "ip_version": "ipv4",
                    "port_max": 0,
                    "port_min": 0,
                    "protocol": "all",
                    "remote": "0.0.0.0/0",
                    "rule_id": "r038-8f40d065-2691-4ed6-bd1e-0d27b93fa638",
                    "type": 0
                  },
                  {
                    "code": 0,
                    "direction": "inbound",
                    "ip_version": "ipv4",
                    "port_max": 0,
                    "port_min": 0,
                    "protocol": "icmp",
                    "remote": "0.0.0.0/0",
                    "rule_id": "r038-f6578511-26e4-45c9-82dc-477728ea85b5",
                    "type": 0
                  },
                  {
                    "code": 0,
                    "direction": "inbound",
                    "ip_version": "ipv4",
                    "port_max": 22,
                    "port_min": 22,
                    "protocol": "tcp",
                    "remote": "0.0.0.0/0",
                    "rule_id": "r038-14e33995-b7b6-40e8-abd8-ffcd993708f6",
                    "type": 0
                  },
                  {
                    "code": 0,
                    "direction": "inbound",
                    "ip_version": "ipv4",
                    "port_max": 0,
                    "port_min": 0,
                    "protocol": "all",
                    "remote": "r038-7cae4d43-d7f9-4e9f-9d90-d935b3b86921",
                    "rule_id": "r038-0a0baaa3-f72f-4586-9196-b3a7734ffc1a",
                    "type": 0
                  },
                  {
                    "code": 0,
                    "direction": "inbound",
                    "ip_version": "ipv4",
                    "port_max": 0,
                    "port_min": 0,
                    "protocol": "all",
                    "remote": "r038-4dfeffbf-e248-4336-bd06-5b91051bf2c8",
                    "rule_id": "r038-3a4902d9-5571-4592-8505-0a08404aab07",
                    "type": 0
                  }
                ]
              },
              {
                "group_id": "r038-fb7f6444-10c4-49e1-a39b-dcf06cbb14b4",
                "group_name": "blooper-retreat-footgear-oxidizing",
                "rules": [
                  {
                    "code": 0,
                    "direction": "outbound",
                    "ip_version": "ipv4",
                    "port_max": 0,
                    "port_min": 0,
                    "protocol": "all",
                    "remote": "0.0.0.0/0",
                    "rule_id": "r038-315f4f77-50df-4b84-ba7a-ac16bcf884ca",
                    "type": 0
                  },
                  {
                    "code": 0,
                    "direction": "inbound",
                    "ip_version": "ipv4",
                    "port_max": 0,
                    "port_min": 0,
                    "protocol": "all",
                    "remote": "r038-fb7f6444-10c4-49e1-a39b-dcf06cbb14b4",
                    "rule_id": "r038-33d8245a-5028-4fd7-b5c7-2f09fdd127d6",
                    "type": 0
                  }
                ]
              }
            ],
            "status": "available",
            "subnets": [
              {
                "available_ipv4_address_count": 123,
                "id": "02q7-c13562c2-024d-4502-a9ef-d0d11f61ceed",
                "name": "rt-test-frontend-subnet",
                "status": "available",
                "total_ipv4_address_count": 128,
                "zone": "ca-tor-1"
              },
              {
                "available_ipv4_address_count": 251,
                "id": "02q7-d938f1d6-9da1-4631-bc46-c65c60c73186",
                "name": "rt-test-backend-subnet",
                "status": "available",
                "total_ipv4_address_count": 256,
                "zone": "ca-tor-1"
              }
            ],
            "tags": [
              "owner:ryantiffany",
              "project:rt-test",
              "region:ca-tor",
              "zone:ca-tor-1"
            ],
            "timeouts": null
          },
          "sensitive_attributes": [],
          "private": "eyJlMmJmYjczMC1lY2FhLTExZTYtOGY4OC0zNDM2M2JjN2M0YzAiOnsiY3JlYXRlIjo2MDAwMDAwMDAwMDAsImRlbGV0ZSI6NjAwMDAwMDAwMDAwfX0=",
          "dependencies": [
            "data.ibm_is_zones.region",
            "data.ibm_resource_group.group"
          ]
        }
      ]
    },
    {
      "mode": "managed",
      "type": "local_file",
      "name": "environment_info",
      "provider": "provider[\"registry.terraform.io/hashicorp/local\"]",
      "instances": [
        {
          "schema_version": 0,
          "attributes": {
            "content": "{\"bastion_sg\":\"r038-7cae4d43-d7f9-4e9f-9d90-d935b3b86921\",\"subnet_id\":\"02q7-d938f1d6-9da1-4631-bc46-c65c60c73186\",\"vpc_id\":\"r038-64119f58-2b8c-428f-8086-1a123f58fccd\"}",
            "content_base64": null,
            "directory_permission": "0777",
            "file_permission": "0777",
            "filename": "../shared-data/env_info.json",
            "id": "7582ccdca519d6e280792f87deb698b8002686c2",
            "sensitive_content": null,
            "source": null
          },
          "sensitive_attributes": [],
          "private": "bnVsbA==",
          "dependencies": [
            "ibm_is_security_group.frontend_security_group",
            "ibm_is_subnet.backend_subnet",
            "ibm_is_vpc.vpc",
            "data.ibm_is_zones.region",
            "data.ibm_resource_group.group"
          ]
        }
      ]
    },
    {
      "mode": "managed",
      "type": "local_file",
      "name": "packer_variables",
      "provider": "provider[\"registry.terraform.io/hashicorp/local\"]",
      "instances": [
        {
          "schema_version": 0,
          "attributes": {
            "content": "ibm_region=\"ca-tor\"\nsubnet_id=\"02q7-d938f1d6-9da1-4631-bc46-c65c60c73186\"\nresource_group_id=\"6b6211f1af784e62874070340ee4b6be\"\n",
            "content_base64": null,
            "directory_permission": "0777",
            "file_permission": "0777",
            "filename": "../02-create-hashistack-image/.pkrvars.hcl",
            "id": "f2ae93274d522a9f8db92735ba64724a4572cd3b",
            "sensitive_content": null,
            "source": null
          },
          "sensitive_attributes": [],
          "private": "bnVsbA==",
          "dependencies": [
            "data.ibm_resource_group.group",
            "ibm_is_subnet.backend_subnet"
          ]
        }
      ]
    },
    {
      "mode": "managed",
      "type": "tls_private_key",
      "name": "ssh",
      "provider": "provider[\"registry.terraform.io/hashicorp/tls\"]",
      "instances": [
        {
          "schema_version": 0,
          "attributes": {
            "algorithm": "RSA",
            "ecdsa_curve": "P224",
            "id": "80397de27539ef708dc44dcc2a5f1b39da5da0a3",
            "private_key_openssh": "-----BEGIN OPENSSH PRIVATE KEY-----\nb3BlbnNzaC1rZXktdjEAAAAABG5vbmUAAAAEbm9uZQAAAAAAAAABAAACFwAAAAdz\nc2gtcnNhAAAAAwEAAQAAAgEAmnBEMtqO+PwiaZXaS8nZ2wq/RXbR0CESQYXsM6oU\n9ZmKntkniZzpdztVO9gxhWnDvMWWqleudZkIulaTb+ac2tfFTHuBQC14PAAdjgPP\nPkMJ73NEoIBE+KSewjZkmlxCbj0c33kuH4pjdYO8fwrZQfkbLfsYpKml7tt5dDGj\n52TKt7lZ9pY9/0E5mPzYV78R6NlpLJgbQjUgZcWGDa4htg696JkW59Z+GunNhc0i\n8hWrqEA1YxvjRnrcrNRdrfD7fQuZ4hE5XtpNWI4OCsm5E9N4nBauT74UhhQDEsbs\nebL0UKhOZOjNfn6mfqc4EQqJAFrDGx0OnPbT4CgD0kJfBjKIVw/zFP1gGiJtFWNQ\nLFj5tAMwhsv11A+ty0NMVXCO1P9jFMqgkd9KGCgtsrS16+yr62aZEm6q4WFtzPtA\ntBNCEmyolwB0Bsyo+t/MZ0bb8u3gYcI/QMej6BRRJeW0YorJdN+5wtLYbUXel2MK\n8dQ6W6aVDr9e/BwOmbHBfXcDpJI3pd2i7O1UpdHhdL8/L5wl6qk5YSLZQNqs66wE\nVSL4rlNDhTu3IrZH7eKIsmyoLcBXVGlQT10t1oAK4je0LOr4SK3fHYj690GhK6HO\n+utKM70Sus7QfYu8c6CH6u5pfSMq7U4k7MH0+7INHZYBuuIx2PlZ5LsGRHKV/Rk9\nvLUAAAc4MA36uTAN+rkAAAAHc3NoLXJzYQAAAgEAmnBEMtqO+PwiaZXaS8nZ2wq/\nRXbR0CESQYXsM6oU9ZmKntkniZzpdztVO9gxhWnDvMWWqleudZkIulaTb+ac2tfF\nTHuBQC14PAAdjgPPPkMJ73NEoIBE+KSewjZkmlxCbj0c33kuH4pjdYO8fwrZQfkb\nLfsYpKml7tt5dDGj52TKt7lZ9pY9/0E5mPzYV78R6NlpLJgbQjUgZcWGDa4htg69\n6JkW59Z+GunNhc0i8hWrqEA1YxvjRnrcrNRdrfD7fQuZ4hE5XtpNWI4OCsm5E9N4\nnBauT74UhhQDEsbsebL0UKhOZOjNfn6mfqc4EQqJAFrDGx0OnPbT4CgD0kJfBjKI\nVw/zFP1gGiJtFWNQLFj5tAMwhsv11A+ty0NMVXCO1P9jFMqgkd9KGCgtsrS16+yr\n62aZEm6q4WFtzPtAtBNCEmyolwB0Bsyo+t/MZ0bb8u3gYcI/QMej6BRRJeW0YorJ\ndN+5wtLYbUXel2MK8dQ6W6aVDr9e/BwOmbHBfXcDpJI3pd2i7O1UpdHhdL8/L5wl\n6qk5YSLZQNqs66wEVSL4rlNDhTu3IrZH7eKIsmyoLcBXVGlQT10t1oAK4je0LOr4\nSK3fHYj690GhK6HO+utKM70Sus7QfYu8c6CH6u5pfSMq7U4k7MH0+7INHZYBuuIx\n2PlZ5LsGRHKV/Rk9vLUAAAADAQABAAACAAKgCei7YlbFImidDXrgUX2xrxKlNGfP\nSBopBpzSNUz/cSXGFy/1pNpL/eTohd74r0UULr1yhBqnoUhZlGQAjYYCyO3F46qN\nm0+ZyObTFcC/LvoNAYug4os/cRtoBUnCa7an/0elLa2Hkq06sgeOzaabb2TWsdKK\nt7FZtbTN6zVRt0hsNCVG5ILkPvBky+Ch9NH6cBk79KqpcIWKV/7/iL8pfPzpLUR/\nluEqPD4cAI4Q5DwV61Jl9PULvZiKe5UrVXsIqXL4S/taxpnMwFxalXTK0XAFyqy8\nVGj7ChpVm0tuSUzdr4dzlZqi2H2qpf9UKIQDBvH9CnSMlYln5Li8PBU+H/kcaEZl\nurHevJPbl4ZaOgdhwsmM3ky0HtmhyCsqGiKHMJ7IFCbRj6hL/IoZo/vIJJVejHRz\nlZSIuSVfD5s6XE84Jl1Lo9msFkfD8AkFvHOxZcKkb98UMyVYBT7N4mcxUjJJcz/v\n3XpTYO5L5cKZ2xErRtqepzeYBtezOFGLVVUhObutTx4kqI0XADSwCWvW4rggCQFZ\nfwl3cX8DXZ+XztVupvOSi8mI7AhtBolZs49NxTuz0PF4Nt7qXSGGF03KLrYB4wZz\n+SIIWTdFucmMnoMniwBCvUE4C7P5qkHYRukOMX+wgVM5QEbNMmW7bazatJ0pFvY1\nghq4pTk2sTzBAAABAASQddJxXZI/baHLhPJ28tfIbcTnlMlGwmkydOIMZmGo1OTr\nPxFGmRAzoBA78uASAFm0Cjgs6w6btdiDrW7RSzDCQt2T5lv41suLe7fAV7yK+HvV\nJ4Slt/DDHmTaW7UpeH7sNGLqv59u0BpPsiMWSYdsI/NqOdZ7oL8jsOqtakcVjusO\njolV9PAtjeut5ghnDUKE9hu1WF9QQR7/WvzDT6kwuuCFfq0SVQUIoM6tKOc3up/A\nQqTLH+/rvpTG/ttD+0a1OVnZ0wMPS4Dc7yxaYLvfdbT9qbY/FyYYZd5a0orccxkn\nLFBNcuYu/s1MOMj/vFQq68fpvf7kt52bzNlKinsAAAEBAMmto+hjqehtVXtBP4vf\nSGTIpW6NQpSyw7yoRYRc+lZhCDUvZajrLqPzuzQDu4CZSJDRxX4PECD6Yq8qU9+j\nnobSFkNBJ+vp3yyWGevH43wzHUpE2GnvF8mQOihhAKz04GNBHvXiOIRoHorxxWLa\nU5l47XLesToOtc4cI8pvSA0CE2WzXEQkFiJKWUknvy6rfthPrBiz2J4XMEHK/FA6\nWZbHr4hjP9AyATMYFrDDISNsE2OLFHIWEyOIncQmLiC2Dqo2X7hSYh7LBd8vogLF\nncV51KBqdGWVzh+vMc4Nye/5fzpbxxgCg60C+he4AMGoGlAXYOnftr6K4X1MY5+S\nAmkAAAEBAMQJS6fuXyGQ9uFwLgv6UzxDEk5HgPZ9/dfzMfPV3DBmpWtCZeTTg+4D\nqrV3KMyudzUpT+6N6mUfO4Y3CsFObOGSF6HqjH5x9Cn3Vho17nj4ejZY4naHbIm+\nweBQA2kwUuDkzmlCTziDG4RnJmCxpwzfEb4MVdIa51cJ9pQg2vOvpqWneD1kTs0t\nvxQlybtLj5pYFJEuWYYMTLHwiZZ43y7LIzgsg5UIGYlC1ZKG+Y/OBsDeS6yfgzKs\nUM8vpRoFCiX8PHhMxNZKI5nE0C8b6ictuS6L0xwgf1MFcGMzALLjgY/6YQo9IUBD\nWCEuStR8fgNJ1s6lFYTpo5cUxv7aRm0AAAAAAQID\n-----END OPENSSH PRIVATE KEY-----\n",
            "private_key_pem": "-----BEGIN RSA PRIVATE KEY-----\nMIIJKAIBAAKCAgEAmnBEMtqO+PwiaZXaS8nZ2wq/RXbR0CESQYXsM6oU9ZmKntkn\niZzpdztVO9gxhWnDvMWWqleudZkIulaTb+ac2tfFTHuBQC14PAAdjgPPPkMJ73NE\noIBE+KSewjZkmlxCbj0c33kuH4pjdYO8fwrZQfkbLfsYpKml7tt5dDGj52TKt7lZ\n9pY9/0E5mPzYV78R6NlpLJgbQjUgZcWGDa4htg696JkW59Z+GunNhc0i8hWrqEA1\nYxvjRnrcrNRdrfD7fQuZ4hE5XtpNWI4OCsm5E9N4nBauT74UhhQDEsbsebL0UKhO\nZOjNfn6mfqc4EQqJAFrDGx0OnPbT4CgD0kJfBjKIVw/zFP1gGiJtFWNQLFj5tAMw\nhsv11A+ty0NMVXCO1P9jFMqgkd9KGCgtsrS16+yr62aZEm6q4WFtzPtAtBNCEmyo\nlwB0Bsyo+t/MZ0bb8u3gYcI/QMej6BRRJeW0YorJdN+5wtLYbUXel2MK8dQ6W6aV\nDr9e/BwOmbHBfXcDpJI3pd2i7O1UpdHhdL8/L5wl6qk5YSLZQNqs66wEVSL4rlND\nhTu3IrZH7eKIsmyoLcBXVGlQT10t1oAK4je0LOr4SK3fHYj690GhK6HO+utKM70S\nus7QfYu8c6CH6u5pfSMq7U4k7MH0+7INHZYBuuIx2PlZ5LsGRHKV/Rk9vLUCAwEA\nAQKCAgACoAnou2JWxSJonQ164FF9sa8SpTRnz0gaKQac0jVM/3Elxhcv9aTaS/3k\n6IXe+K9FFC69coQap6FIWZRkAI2GAsjtxeOqjZtPmcjm0xXAvy76DQGLoOKLP3Eb\naAVJwmu2p/9HpS2th5KtOrIHjs2mm29k1rHSirexWbW0zes1UbdIbDQlRuSC5D7w\nZMvgofTR+nAZO/SqqXCFilf+/4i/KXz86S1Ef5bhKjw+HACOEOQ8FetSZfT1C72Y\ninuVK1V7CKly+Ev7WsaZzMBcWpV0ytFwBcqsvFRo+woaVZtLbklM3a+Hc5Waoth9\nqqX/VCiEAwbx/Qp0jJWJZ+S4vDwVPh/5HGhGZbqx3ryT25eGWjoHYcLJjN5MtB7Z\nocgrKhoihzCeyBQm0Y+oS/yKGaP7yCSVXox0c5WUiLklXw+bOlxPOCZdS6PZrBZH\nw/AJBbxzsWXCpG/fFDMlWAU+zeJnMVIySXM/7916U2DuS+XCmdsRK0banqc3mAbX\nszhRi1VVITm7rU8eJKiNFwA0sAlr1uK4IAkBWX8Jd3F/A12fl87VbqbzkovJiOwI\nbQaJWbOPTcU7s9DxeDbe6l0hhhdNyi62AeMGc/kiCFk3RbnJjJ6DJ4sAQr1BOAuz\n+apB2EbpDjF/sIFTOUBGzTJlu22s2rSdKRb2NYIauKU5NrE8wQKCAQEAya2j6GOp\n6G1Ve0E/i99IZMilbo1ClLLDvKhFhFz6VmEINS9lqOsuo/O7NAO7gJlIkNHFfg8Q\nIPpirypT36OehtIWQ0En6+nfLJYZ68fjfDMdSkTYae8XyZA6KGEArPTgY0Ee9eI4\nhGgeivHFYtpTmXjtct6xOg61zhwjym9IDQITZbNcRCQWIkpZSSe/Lqt+2E+sGLPY\nnhcwQcr8UDpZlseviGM/0DIBMxgWsMMhI2wTY4sUchYTI4idxCYuILYOqjZfuFJi\nHssF3y+iAsWdxXnUoGp0ZZXOH68xzg3J7/l/OlvHGAKDrQL6F7gAwagaUBdg6d+2\nvorhfUxjn5ICaQKCAQEAxAlLp+5fIZD24XAuC/pTPEMSTkeA9n391/Mx89XcMGal\na0Jl5NOD7gOqtXcozK53NSlP7o3qZR87hjcKwU5s4ZIXoeqMfnH0KfdWGjXuePh6\nNljidodsib7B4FADaTBS4OTOaUJPOIMbhGcmYLGnDN8RvgxV0hrnVwn2lCDa86+m\npad4PWROzS2/FCXJu0uPmlgUkS5ZhgxMsfCJlnjfLssjOCyDlQgZiULVkob5j84G\nwN5LrJ+DMqxQzy+lGgUKJfw8eEzE1kojmcTQLxvqJy25LovTHCB/UwVwYzMAsuOB\nj/phCj0hQENYIS5K1Hx+A0nWzqUVhOmjlxTG/tpGbQKCAQB7z06FdtGy75P/s8G4\nM530yTzODohmUwxZABCVPqMsbiskw3EsbxzV5+Xv+66bNv7WcQFF7ydep3f3wwt0\nirTiXYzvQsuoR44LiCZnmfHsqFB97J/TAMXgptsdONe6ViZ+qFbCalt55ZWChQRB\nOHkECbnzwASa+LbhzmKmfwSDf9e6oo6tAl5YNL51a6Ixm3SmhNrI23fLLb8hVOTq\nt7eSGgqHty5QuLIF1O7xGwl3/nw0qwglNaoQMWlxJmNBD6MXGYRP2ruD3e0/47UY\n8Ip31eATjubgCkRdLSdtMQfce5WAlSE3eyutBdvUvdAxEur8ai3DxeQhO49MZZ3v\nMyqpAoIBAQCPxgV/rzqEAq6eHkkXLctX+hT15kk1/qdqdwlevK1VriKJ7NOQJHSw\n3m2X00HQA/CXw6nE2r5a1bIxODMiHOOL+Dpu3PeXUPnywVybsowomov/SeclaSL4\nTzgfzG8D+ZX/LLAZ0LELUFShIYmrBv/uV7fKe3+BrYuXcU4vy3zplhyRh6aO1/9X\nScLHAwPV4o/6cbj71VOBFYo2QqSWACYnSoKVE0iZx6v62FKMuYNUrZSUZTR48TAm\nvOwzV80trR6JR1oOHLeMNimwAAFzW3S6sTUMZy44hbj76ZRInMJZcLO4Jbh/6t91\nIy8CftIQzxEYVlI9kiObLEN3bZyYkvttAoIBAASQddJxXZI/baHLhPJ28tfIbcTn\nlMlGwmkydOIMZmGo1OTrPxFGmRAzoBA78uASAFm0Cjgs6w6btdiDrW7RSzDCQt2T\n5lv41suLe7fAV7yK+HvVJ4Slt/DDHmTaW7UpeH7sNGLqv59u0BpPsiMWSYdsI/Nq\nOdZ7oL8jsOqtakcVjusOjolV9PAtjeut5ghnDUKE9hu1WF9QQR7/WvzDT6kwuuCF\nfq0SVQUIoM6tKOc3up/AQqTLH+/rvpTG/ttD+0a1OVnZ0wMPS4Dc7yxaYLvfdbT9\nqbY/FyYYZd5a0orccxknLFBNcuYu/s1MOMj/vFQq68fpvf7kt52bzNlKins=\n-----END RSA PRIVATE KEY-----\n",
            "public_key_fingerprint_md5": "69:f4:60:83:ec:e7:41:77:43:9e:95:eb:95:87:b4:de",
            "public_key_fingerprint_sha256": "SHA256:rCCW+Nv/ftQh7IHSKg7/G4L05a9SW+Tyzk4Q92G9prw",
            "public_key_openssh": "ssh-rsa AAAAB3NzaC1yc2EAAAADAQABAAACAQCacEQy2o74/CJpldpLydnbCr9FdtHQIRJBhewzqhT1mYqe2SeJnOl3O1U72DGFacO8xZaqV651mQi6VpNv5pza18VMe4FALXg8AB2OA88+Qwnvc0SggET4pJ7CNmSaXEJuPRzfeS4fimN1g7x/CtlB+Rst+xikqaXu23l0MaPnZMq3uVn2lj3/QTmY/NhXvxHo2WksmBtCNSBlxYYNriG2Dr3omRbn1n4a6c2FzSLyFauoQDVjG+NGetys1F2t8Pt9C5niETle2k1Yjg4KybkT03icFq5PvhSGFAMSxux5svRQqE5k6M1+fqZ+pzgRCokAWsMbHQ6c9tPgKAPSQl8GMohXD/MU/WAaIm0VY1AsWPm0AzCGy/XUD63LQ0xVcI7U/2MUyqCR30oYKC2ytLXr7KvrZpkSbqrhYW3M+0C0E0ISbKiXAHQGzKj638xnRtvy7eBhwj9Ax6PoFFEl5bRiisl037nC0thtRd6XYwrx1DpbppUOv178HA6ZscF9dwOkkjel3aLs7VSl0eF0vz8vnCXqqTlhItlA2qzrrARVIviuU0OFO7citkft4oiybKgtwFdUaVBPXS3WgAriN7Qs6vhIrd8diPr3QaEroc7660ozvRK6ztB9i7xzoIfq7ml9IyrtTiTswfT7sg0dlgG64jHY+VnkuwZEcpX9GT28tQ==\n",
            "public_key_pem": "-----BEGIN PUBLIC KEY-----\nMIICIjANBgkqhkiG9w0BAQEFAAOCAg8AMIICCgKCAgEAmnBEMtqO+PwiaZXaS8nZ\n2wq/RXbR0CESQYXsM6oU9ZmKntkniZzpdztVO9gxhWnDvMWWqleudZkIulaTb+ac\n2tfFTHuBQC14PAAdjgPPPkMJ73NEoIBE+KSewjZkmlxCbj0c33kuH4pjdYO8fwrZ\nQfkbLfsYpKml7tt5dDGj52TKt7lZ9pY9/0E5mPzYV78R6NlpLJgbQjUgZcWGDa4h\ntg696JkW59Z+GunNhc0i8hWrqEA1YxvjRnrcrNRdrfD7fQuZ4hE5XtpNWI4OCsm5\nE9N4nBauT74UhhQDEsbsebL0UKhOZOjNfn6mfqc4EQqJAFrDGx0OnPbT4CgD0kJf\nBjKIVw/zFP1gGiJtFWNQLFj5tAMwhsv11A+ty0NMVXCO1P9jFMqgkd9KGCgtsrS1\n6+yr62aZEm6q4WFtzPtAtBNCEmyolwB0Bsyo+t/MZ0bb8u3gYcI/QMej6BRRJeW0\nYorJdN+5wtLYbUXel2MK8dQ6W6aVDr9e/BwOmbHBfXcDpJI3pd2i7O1UpdHhdL8/\nL5wl6qk5YSLZQNqs66wEVSL4rlNDhTu3IrZH7eKIsmyoLcBXVGlQT10t1oAK4je0\nLOr4SK3fHYj690GhK6HO+utKM70Sus7QfYu8c6CH6u5pfSMq7U4k7MH0+7INHZYB\nuuIx2PlZ5LsGRHKV/Rk9vLUCAwEAAQ==\n-----END PUBLIC KEY-----\n",
            "rsa_bits": 4096
          },
          "sensitive_attributes": [],
          "private": "bnVsbA=="
        }
      ]
    }
  ]
}
